
Microsoft Visual Studio Solution File, Format Version 12.00
# Visual Studio Version 17
VisualStudioVersion = 17.14.36414.22
MinimumVisualStudioVersion = 10.0.40219.1
Project("{2150E333-8FDC-42A3-9474-1A3956D46DE8}") = "Application", "Application", "{02EA681E-C7D8-13C7-8484-4AC65E1B71E8}"
EndProject
Project("{2150E333-8FDC-42A3-9474-1A3956D46DE8}") = "Tests", "Tests", "{BEE54BD8-3605-494B-B3A8-4C5E9866A0CA}"
EndProject
Project("{FAE04EC0-301F-11D3-BF4B-00C04F79EFBC}") = "AzureCredentialLess", "AzureCredentialLess\AzureCredentialLess.csproj", "{D6F1E12A-6A26-482F-82C8-F03AD122FBB2}"
EndProject
Project("{FAE04EC0-301F-11D3-BF4B-00C04F79EFBC}") = "Test", "Test\Test.csproj", "{155490CA-7E51-49AB-801C-2FE75722A324}"
EndProject
Project("{2150E333-8FDC-42A3-9474-1A3956D46DE8}") = "DataversePlugins", "DataversePlugins", "{A9BAF3B2-170D-49F6-8A73-B7C7AA812DFD}"
EndProject
Project("{FAE04EC0-301F-11D3-BF4B-00C04F79EFBC}") = "DataversePlugins.StandAlone", "DataversePlugins.StandAlone\DataversePlugins.StandAlone.csproj", "{EC90AB25-2F08-479B-B3BC-4930B154C910}"
EndProject
Project("{FAE04EC0-301F-11D3-BF4B-00C04F79EFBC}") = "DataversePlugins.Tools", "DataversePlugins.Tools\DataversePlugins.Tools.csproj", "{74A98EDE-5D88-4321-BDAF-5A530EC360C6}"
EndProject
Project("{FAE04EC0-301F-11D3-BF4B-00C04F79EFBC}") = "DataversePlugins.Package", "DataversePlugins.Package\DataversePlugins.Package.csproj", "{8D8AD193-DB97-4595-A480-93FF49E8B96D}"
EndProject
Global
	GlobalSection(SolutionConfigurationPlatforms) = preSolution
		Debug|Any CPU = Debug|Any CPU
		Release|Any CPU = Release|Any CPU
	EndGlobalSection
	GlobalSection(ProjectConfigurationPlatforms) = postSolution
		{D6F1E12A-6A26-482F-82C8-F03AD122FBB2}.Debug|Any CPU.ActiveCfg = Debug|Any CPU
		{D6F1E12A-6A26-482F-82C8-F03AD122FBB2}.Debug|Any CPU.Build.0 = Debug|Any CPU
		{D6F1E12A-6A26-482F-82C8-F03AD122FBB2}.Release|Any CPU.ActiveCfg = Release|Any CPU
		{D6F1E12A-6A26-482F-82C8-F03AD122FBB2}.Release|Any CPU.Build.0 = Release|Any CPU
		{155490CA-7E51-49AB-801C-2FE75722A324}.Debug|Any CPU.ActiveCfg = Debug|Any CPU
		{155490CA-7E51-49AB-801C-2FE75722A324}.Debug|Any CPU.Build.0 = Debug|Any CPU
		{155490CA-7E51-49AB-801C-2FE75722A324}.Release|Any CPU.ActiveCfg = Release|Any CPU
		{155490CA-7E51-49AB-801C-2FE75722A324}.Release|Any CPU.Build.0 = Release|Any CPU
		{EC90AB25-2F08-479B-B3BC-4930B154C910}.Debug|Any CPU.ActiveCfg = Debug|Any CPU
		{EC90AB25-2F08-479B-B3BC-4930B154C910}.Debug|Any CPU.Build.0 = Debug|Any CPU
		{EC90AB25-2F08-479B-B3BC-4930B154C910}.Release|Any CPU.ActiveCfg = Release|Any CPU
		{EC90AB25-2F08-479B-B3BC-4930B154C910}.Release|Any CPU.Build.0 = Release|Any CPU
		{74A98EDE-5D88-4321-BDAF-5A530EC360C6}.Debug|Any CPU.ActiveCfg = Debug|Any CPU
		{74A98EDE-5D88-4321-BDAF-5A530EC360C6}.Debug|Any CPU.Build.0 = Debug|Any CPU
		{74A98EDE-5D88-4321-BDAF-5A530EC360C6}.Release|Any CPU.ActiveCfg = Release|Any CPU
		{74A98EDE-5D88-4321-BDAF-5A530EC360C6}.Release|Any CPU.Build.0 = Release|Any CPU
		{8D8AD193-DB97-4595-A480-93FF49E8B96D}.Debug|Any CPU.ActiveCfg = Debug|Any CPU
		{8D8AD193-DB97-4595-A480-93FF49E8B96D}.Debug|Any CPU.Build.0 = Debug|Any CPU
		{8D8AD193-DB97-4595-A480-93FF49E8B96D}.Release|Any CPU.ActiveCfg = Release|Any CPU
		{8D8AD193-DB97-4595-A480-93FF49E8B96D}.Release|Any CPU.Build.0 = Release|Any CPU
	EndGlobalSection
	GlobalSection(SolutionProperties) = preSolution
		HideSolutionNode = FALSE
	EndGlobalSection
	GlobalSection(NestedProjects) = preSolution
		{D6F1E12A-6A26-482F-82C8-F03AD122FBB2} = {02EA681E-C7D8-13C7-8484-4AC65E1B71E8}
		{155490CA-7E51-49AB-801C-2FE75722A324} = {BEE54BD8-3605-494B-B3A8-4C5E9866A0CA}
		{EC90AB25-2F08-479B-B3BC-4930B154C910} = {A9BAF3B2-170D-49F6-8A73-B7C7AA812DFD}
		{74A98EDE-5D88-4321-BDAF-5A530EC360C6} = {A9BAF3B2-170D-49F6-8A73-B7C7AA812DFD}
		{8D8AD193-DB97-4595-A480-93FF49E8B96D} = {A9BAF3B2-170D-49F6-8A73-B7C7AA812DFD}
	EndGlobalSection
	GlobalSection(ExtensibilityGlobals) = postSolution
		SolutionGuid = {462A2C63-4F94-4B03-B6F1-6EE7ED9B9E54}
	EndGlobalSection
EndGlobal
